
Microsoft Visual Studio Solution File, Format Version 12.00
# Visual Studio Version 17
VisualStudioVersion = 17.5.33424.131
MinimumVisualStudioVersion = 10.0.40219.1
Project("{FAE04EC0-301F-11D3-BF4B-00C04F79EFBC}") = "Test.API", "Test.API.csproj", "{3664B389-3A70-45B2-B4F2-ABAA0FA1AD92}"
EndProject
Project("{FAE04EC0-301F-11D3-BF4B-00C04F79EFBC}") = "Test.xUnit", "..\Vienna.Test.xUnit\Test.xUnit.csproj", "{492C8D39-B277-476A-9436-363049CC998C}"
EndProject
Global
	GlobalSection(SolutionConfigurationPlatforms) = preSolution
		Debug|Any CPU = Debug|Any CPU
		Release|Any CPU = Release|Any CPU
	EndGlobalSection
	GlobalSection(ProjectConfigurationPlatforms) = postSolution
		{3664B389-3A70-45B2-B4F2-ABAA0FA1AD92}.Debug|Any CPU.ActiveCfg = Debug|Any CPU
		{3664B389-3A70-45B2-B4F2-ABAA0FA1AD92}.Debug|Any CPU.Build.0 = Debug|Any CPU
		{3664B389-3A70-45B2-B4F2-ABAA0FA1AD92}.Release|Any CPU.ActiveCfg = Release|Any CPU
		{3664B389-3A70-45B2-B4F2-ABAA0FA1AD92}.Release|Any CPU.Build.0 = Release|Any CPU
		{492C8D39-B277-476A-9436-363049CC998C}.Debug|Any CPU.ActiveCfg = Debug|Any CPU
		{492C8D39-B277-476A-9436-363049CC998C}.Debug|Any CPU.Build.0 = Debug|Any CPU
		{492C8D39-B277-476A-9436-363049CC998C}.Release|Any CPU.ActiveCfg = Release|Any CPU
		{492C8D39-B277-476A-9436-363049CC998C}.Release|Any CPU.Build.0 = Release|Any CPU
	EndGlobalSection
	GlobalSection(SolutionProperties) = preSolution
		HideSolutionNode = FALSE
	EndGlobalSection
	GlobalSection(ExtensibilityGlobals) = postSolution
		SolutionGuid = {678B021D-A246-4EC8-8404-B37145B7B020}
	EndGlobalSection
EndGlobal
